
Microsoft Visual Studio Solution File, Format Version 12.00
# Visual Studio Version 17
VisualStudioVersion = 17.11.35327.3
MinimumVisualStudioVersion = 10.0.40219.1
Project("{FAE04EC0-301F-11D3-BF4B-00C04F79EFBC}") = "SimpleApi", "SimpleApi\SimpleApi.csproj", "{29030498-C648-4BCA-A5B3-471BBA11D78D}"
EndProject
Project("{FAE04EC0-301F-11D3-BF4B-00C04F79EFBC}") = "SimpleApiTest", "SimpleApiTest\SimpleApiTest.csproj", "{382BAC66-2791-4893-AABB-8C5B41189172}"
EndProject
Global
	GlobalSection(SolutionConfigurationPlatforms) = preSolution
		Debug|Any CPU = Debug|Any CPU
		Release|Any CPU = Release|Any CPU
	EndGlobalSection
	GlobalSection(ProjectConfigurationPlatforms) = postSolution
		{29030498-C648-4BCA-A5B3-471BBA11D78D}.Debug|Any CPU.ActiveCfg = Debug|Any CPU
		{29030498-C648-4BCA-A5B3-471BBA11D78D}.Debug|Any CPU.Build.0 = Debug|Any CPU
		{29030498-C648-4BCA-A5B3-471BBA11D78D}.Release|Any CPU.ActiveCfg = Release|Any CPU
		{29030498-C648-4BCA-A5B3-471BBA11D78D}.Release|Any CPU.Build.0 = Release|Any CPU
		{382BAC66-2791-4893-AABB-8C5B41189172}.Debug|Any CPU.ActiveCfg = Debug|Any CPU
		{382BAC66-2791-4893-AABB-8C5B41189172}.Debug|Any CPU.Build.0 = Debug|Any CPU
		{382BAC66-2791-4893-AABB-8C5B41189172}.Release|Any CPU.ActiveCfg = Release|Any CPU
		{382BAC66-2791-4893-AABB-8C5B41189172}.Release|Any CPU.Build.0 = Release|Any CPU
	EndGlobalSection
	GlobalSection(SolutionProperties) = preSolution
		HideSolutionNode = FALSE
	EndGlobalSection
	GlobalSection(ExtensibilityGlobals) = postSolution
		SolutionGuid = {AF2303AC-BED5-47AE-B118-901A83006E3B}
	EndGlobalSection
EndGlobal
